
Microsoft Visual Studio Solution File, Format Version 12.00
# Visual Studio Version 17
VisualStudioVersion = 17.7.34031.279
MinimumVisualStudioVersion = 10.0.40219.1
Project("{FAE04EC0-301F-11D3-BF4B-00C04F79EFBC}") = "CodePulse.API", "CodePulse.API\CodePulse.API.csproj", "{EC3C03EF-9099-4D9F-8722-0CFA17F61A28}"
EndProject
Global
	GlobalSection(SolutionConfigurationPlatforms) = preSolution
		Debug|Any CPU = Debug|Any CPU
		Release|Any CPU = Release|Any CPU
	EndGlobalSection
	GlobalSection(ProjectConfigurationPlatforms) = postSolution
		{EC3C03EF-9099-4D9F-8722-0CFA17F61A28}.Debug|Any CPU.ActiveCfg = Debug|Any CPU
		{EC3C03EF-9099-4D9F-8722-0CFA17F61A28}.Debug|Any CPU.Build.0 = Debug|Any CPU
		{EC3C03EF-9099-4D9F-8722-0CFA17F61A28}.Release|Any CPU.ActiveCfg = Release|Any CPU
		{EC3C03EF-9099-4D9F-8722-0CFA17F61A28}.Release|Any CPU.Build.0 = Release|Any CPU
	EndGlobalSection
	GlobalSection(SolutionProperties) = preSolution
		HideSolutionNode = FALSE
	EndGlobalSection
	GlobalSection(ExtensibilityGlobals) = postSolution
		SolutionGuid = {8960ACEB-4427-4C59-BB20-BA52B7748291}
	EndGlobalSection
EndGlobal
